# THIS IS AN AUTOGENERATED FILE. DO NOT EDIT THIS FILE DIRECTLY.
# yarn lockfile v1


is-node@^1.0.2:
  version "1.0.2"
  resolved "https://registry.yarnpkg.com/is-node/-/is-node-1.0.2.tgz#d7d002745ef7debbb7477e988956ab0a4fccb653"
  integrity sha1-19ACdF733ru3R36YiVarCk/MtlM=

ramda@^0.26.1:
  version "0.26.1"
  resolved "https://registry.yarnpkg.com/ramda/-/ramda-0.26.1.tgz#8d41351eb8111c55353617fc3bbffad8e4d35d06"
  integrity sha512-hLWjpy7EnsDBb0p+Z3B7rPi3GDeRG5ZtiI33kJhTt+ORCd38AbAIjB/9zRIUoeTbE/AVX5ZkU7m6bznsvrf8eQ==
